
Microsoft Visual Studio Solution File, Format Version 12.00
# Visual Studio 2012
Project("{FAE04EC0-301F-11D3-BF4B-00C04F79EFBC}") = "1,2,3.Student", "1.Student\1,2,3.Student.csproj", "{6EB195B1-61E4-45C7-8970-77E9D685FB51}"
EndProject
Project("{FAE04EC0-301F-11D3-BF4B-00C04F79EFBC}") = "4.Person", "4.Person\4.Person.csproj", "{02637A1A-80A5-4A98-BCCB-D851C4CC302C}"
EndProject
Project("{FAE04EC0-301F-11D3-BF4B-00C04F79EFBC}") = "5.BitArray64", "5.BitArray64\5.BitArray64.csproj", "{B4D2E192-7D8D-4557-98B4-5902A762004D}"
EndProject
Project("{FAE04EC0-301F-11D3-BF4B-00C04F79EFBC}") = "6.BinarySearchTree", "6.BinarySearchTree\6.BinarySearchTree.csproj", "{2DBB3489-3D82-4224-A07E-9B78AAE4C3F3}"
EndProject
Global
	GlobalSection(SolutionConfigurationPlatforms) = preSolution
		Debug|Any CPU = Debug|Any CPU
		Release|Any CPU = Release|Any CPU
	EndGlobalSection
	GlobalSection(ProjectConfigurationPlatforms) = postSolution
		{6EB195B1-61E4-45C7-8970-77E9D685FB51}.Debug|Any CPU.ActiveCfg = Debug|Any CPU
		{6EB195B1-61E4-45C7-8970-77E9D685FB51}.Debug|Any CPU.Build.0 = Debug|Any CPU
		{6EB195B1-61E4-45C7-8970-77E9D685FB51}.Release|Any CPU.ActiveCfg = Release|Any CPU
		{6EB195B1-61E4-45C7-8970-77E9D685FB51}.Release|Any CPU.Build.0 = Release|Any CPU
		{02637A1A-80A5-4A98-BCCB-D851C4CC302C}.Debug|Any CPU.ActiveCfg = Debug|Any CPU
		{02637A1A-80A5-4A98-BCCB-D851C4CC302C}.Debug|Any CPU.Build.0 = Debug|Any CPU
		{02637A1A-80A5-4A98-BCCB-D851C4CC302C}.Release|Any CPU.ActiveCfg = Release|Any CPU
		{02637A1A-80A5-4A98-BCCB-D851C4CC302C}.Release|Any CPU.Build.0 = Release|Any CPU
		{B4D2E192-7D8D-4557-98B4-5902A762004D}.Debug|Any CPU.ActiveCfg = Debug|Any CPU
		{B4D2E192-7D8D-4557-98B4-5902A762004D}.Debug|Any CPU.Build.0 = Debug|Any CPU
		{B4D2E192-7D8D-4557-98B4-5902A762004D}.Release|Any CPU.ActiveCfg = Release|Any CPU
		{B4D2E192-7D8D-4557-98B4-5902A762004D}.Release|Any CPU.Build.0 = Release|Any CPU
		{2DBB3489-3D82-4224-A07E-9B78AAE4C3F3}.Debug|Any CPU.ActiveCfg = Debug|Any CPU
		{2DBB3489-3D82-4224-A07E-9B78AAE4C3F3}.Debug|Any CPU.Build.0 = Debug|Any CPU
		{2DBB3489-3D82-4224-A07E-9B78AAE4C3F3}.Release|Any CPU.ActiveCfg = Release|Any CPU
		{2DBB3489-3D82-4224-A07E-9B78AAE4C3F3}.Release|Any CPU.Build.0 = Release|Any CPU
	EndGlobalSection
	GlobalSection(SolutionProperties) = preSolution
		HideSolutionNode = FALSE
	EndGlobalSection
EndGlobal
