
Microsoft Visual Studio Solution File, Format Version 12.00
# Visual Studio 2012
Project("{FAE04EC0-301F-11D3-BF4B-00C04F79EFBC}") = "gsm_project", "gsm_project\gsm_project.csproj", "{8F43C53C-1431-4175-878C-94BCC21CE533}"
EndProject
Global
	GlobalSection(SolutionConfigurationPlatforms) = preSolution
		Debug|Any CPU = Debug|Any CPU
		Release|Any CPU = Release|Any CPU
	EndGlobalSection
	GlobalSection(ProjectConfigurationPlatforms) = postSolution
		{8F43C53C-1431-4175-878C-94BCC21CE533}.Debug|Any CPU.ActiveCfg = Debug|Any CPU
		{8F43C53C-1431-4175-878C-94BCC21CE533}.Debug|Any CPU.Build.0 = Debug|Any CPU
		{8F43C53C-1431-4175-878C-94BCC21CE533}.Release|Any CPU.ActiveCfg = Release|Any CPU
		{8F43C53C-1431-4175-878C-94BCC21CE533}.Release|Any CPU.Build.0 = Release|Any CPU
	EndGlobalSection
	GlobalSection(SolutionProperties) = preSolution
		HideSolutionNode = FALSE
	EndGlobalSection
EndGlobal
