
Microsoft Visual Studio Solution File, Format Version 12.00
# Visual Studio 2012
Project("{FAE04EC0-301F-11D3-BF4B-00C04F79EFBC}") = "DocumentManagingSystem", "DocumentManagingSystem\DocumentManagingSystem.csproj", "{3162B1D8-136A-4F33-B9D5-12BF6AA4ED8F}"
EndProject
Project("{FAE04EC0-301F-11D3-BF4B-00C04F79EFBC}") = "DocumentSystem", "DocumentSystem\DocumentSystem.csproj", "{D38D946D-40C1-4B14-9C25-F073CBE04007}"
EndProject
Project("{FAE04EC0-301F-11D3-BF4B-00C04F79EFBC}") = "GeometryAPI", "GeometryAPI\GeometryAPI.csproj", "{7A8AC2EB-3C2A-430C-A0A2-CBADDAB80C92}"
EndProject
Global
	GlobalSection(SolutionConfigurationPlatforms) = preSolution
		Debug|Any CPU = Debug|Any CPU
		Release|Any CPU = Release|Any CPU
	EndGlobalSection
	GlobalSection(ProjectConfigurationPlatforms) = postSolution
		{3162B1D8-136A-4F33-B9D5-12BF6AA4ED8F}.Debug|Any CPU.ActiveCfg = Debug|Any CPU
		{3162B1D8-136A-4F33-B9D5-12BF6AA4ED8F}.Debug|Any CPU.Build.0 = Debug|Any CPU
		{3162B1D8-136A-4F33-B9D5-12BF6AA4ED8F}.Release|Any CPU.ActiveCfg = Release|Any CPU
		{3162B1D8-136A-4F33-B9D5-12BF6AA4ED8F}.Release|Any CPU.Build.0 = Release|Any CPU
		{D38D946D-40C1-4B14-9C25-F073CBE04007}.Debug|Any CPU.ActiveCfg = Debug|Any CPU
		{D38D946D-40C1-4B14-9C25-F073CBE04007}.Debug|Any CPU.Build.0 = Debug|Any CPU
		{D38D946D-40C1-4B14-9C25-F073CBE04007}.Release|Any CPU.ActiveCfg = Release|Any CPU
		{D38D946D-40C1-4B14-9C25-F073CBE04007}.Release|Any CPU.Build.0 = Release|Any CPU
		{7A8AC2EB-3C2A-430C-A0A2-CBADDAB80C92}.Debug|Any CPU.ActiveCfg = Debug|Any CPU
		{7A8AC2EB-3C2A-430C-A0A2-CBADDAB80C92}.Debug|Any CPU.Build.0 = Debug|Any CPU
		{7A8AC2EB-3C2A-430C-A0A2-CBADDAB80C92}.Release|Any CPU.ActiveCfg = Release|Any CPU
		{7A8AC2EB-3C2A-430C-A0A2-CBADDAB80C92}.Release|Any CPU.Build.0 = Release|Any CPU
	EndGlobalSection
	GlobalSection(SolutionProperties) = preSolution
		HideSolutionNode = FALSE
	EndGlobalSection
EndGlobal
